
Microsoft Visual Studio Solution File, Format Version 12.00
# Visual Studio Version 17
VisualStudioVersion = 17.4.33403.182
MinimumVisualStudioVersion = 10.0.40219.1
Project("{9A19103F-16F7-4668-BE54-9A1E7A4F7556}") = "BookManager", "BookManager\BookManager.csproj", "{E9173BCE-3A65-47CB-9F22-6919B6789D2F}"
EndProject
Project("{2150E333-8FDC-42A3-9474-1A3956D46DE8}") = "Services", "Services", "{C6E4FAFE-8C42-45B5-A2F4-C7DCB51EE3FC}"
EndProject
Project("{2150E333-8FDC-42A3-9474-1A3956D46DE8}") = "GetBook", "GetBook", "{5EEE545E-C448-4B07-9A3D-355DEDE2743D}"
EndProject
Project("{2150E333-8FDC-42A3-9474-1A3956D46DE8}") = "BookSetter", "BookSetter", "{053F936A-FA9F-496B-B579-4E51292295F5}"
EndProject
Project("{2150E333-8FDC-42A3-9474-1A3956D46DE8}") = "Login", "Login", "{6D661287-7317-43F0-815A-9DE37E6CB847}"
EndProject
Project("{9A19103F-16F7-4668-BE54-9A1E7A4F7556}") = "BookSetter", "Services\BookSetter\BookSetter\BookSetter.csproj", "{FCDBB667-D5EE-4D8B-813D-0A537ECE2404}"
EndProject
Project("{9A19103F-16F7-4668-BE54-9A1E7A4F7556}") = "GetBook", "Services\GetBook\GetBook\GetBook.csproj", "{0DC891A5-1A14-473A-9311-5EB5252D6099}"
EndProject
Project("{FAE04EC0-301F-11D3-BF4B-00C04F79EFBC}") = "Login", "Services\Login\Login\Login.csproj", "{52CA2930-9969-4881-9AA4-A7B5DC4524BD}"
EndProject
Project("{FAE04EC0-301F-11D3-BF4B-00C04F79EFBC}") = "Infrastucture", "Services\Login\Infrastucture\Infrastucture.csproj", "{03A38B13-42AC-4A9C-806D-E1ACE22AAB0D}"
EndProject
Project("{FAE04EC0-301F-11D3-BF4B-00C04F79EFBC}") = "LoginDTO", "Services\Login\LoginDTO\LoginDTO.csproj", "{4246CA0C-76CB-42A6-8AC6-B78FB733019F}"
EndProject
Project("{FAE04EC0-301F-11D3-BF4B-00C04F79EFBC}") = "LoginService", "Services\Login\LoginService\LoginService.csproj", "{55EDFDCD-EF7A-4762-9E49-020B3B8280C6}"
EndProject
Project("{FAE04EC0-301F-11D3-BF4B-00C04F79EFBC}") = "BookDTO", "Services\GetBook\BookDTO\BookDTO.csproj", "{AE8B1154-9259-4325-AADC-AD33362AF64D}"
EndProject
Project("{FAE04EC0-301F-11D3-BF4B-00C04F79EFBC}") = "Infra", "Services\GetBook\Infra\Infra.csproj", "{241A7B75-18B4-40C9-9F8B-11F0941CC896}"
EndProject
Project("{FAE04EC0-301F-11D3-BF4B-00C04F79EFBC}") = "BookService", "Services\GetBook\BookService\BookService.csproj", "{00BBB3A5-33D9-4708-9492-8B1C0386E396}"
EndProject
Project("{FAE04EC0-301F-11D3-BF4B-00C04F79EFBC}") = "Book", "Services\Book\Book.csproj", "{A19F667F-17A0-47CB-98B5-30684945B51F}"
EndProject
Project("{FAE04EC0-301F-11D3-BF4B-00C04F79EFBC}") = "SetBookDTO", "Services\BookSetter\SetBookDTO\SetBookDTO.csproj", "{EF987F20-C50A-4C20-A02F-033C5DE82E2D}"
EndProject
Project("{FAE04EC0-301F-11D3-BF4B-00C04F79EFBC}") = "InfrastractureBook", "Services\BookSetter\InfrastractureBook\InfrastractureBook.csproj", "{68F86584-3CB1-4F58-AEBB-3AA5435F2706}"
EndProject
Project("{FAE04EC0-301F-11D3-BF4B-00C04F79EFBC}") = "SetServicea", "Services\BookSetter\SetServicea\SetServicea.csproj", "{0B9CEE31-8BC2-4DFE-8E07-BF8412EFAEB1}"
EndProject
Global
	GlobalSection(SolutionConfigurationPlatforms) = preSolution
		Debug|Any CPU = Debug|Any CPU
		Release|Any CPU = Release|Any CPU
	EndGlobalSection
	GlobalSection(ProjectConfigurationPlatforms) = postSolution
		{E9173BCE-3A65-47CB-9F22-6919B6789D2F}.Debug|Any CPU.ActiveCfg = Debug|Any CPU
		{E9173BCE-3A65-47CB-9F22-6919B6789D2F}.Debug|Any CPU.Build.0 = Debug|Any CPU
		{E9173BCE-3A65-47CB-9F22-6919B6789D2F}.Release|Any CPU.ActiveCfg = Release|Any CPU
		{E9173BCE-3A65-47CB-9F22-6919B6789D2F}.Release|Any CPU.Build.0 = Release|Any CPU
		{FCDBB667-D5EE-4D8B-813D-0A537ECE2404}.Debug|Any CPU.ActiveCfg = Debug|Any CPU
		{FCDBB667-D5EE-4D8B-813D-0A537ECE2404}.Debug|Any CPU.Build.0 = Debug|Any CPU
		{FCDBB667-D5EE-4D8B-813D-0A537ECE2404}.Release|Any CPU.ActiveCfg = Release|Any CPU
		{FCDBB667-D5EE-4D8B-813D-0A537ECE2404}.Release|Any CPU.Build.0 = Release|Any CPU
		{0DC891A5-1A14-473A-9311-5EB5252D6099}.Debug|Any CPU.ActiveCfg = Debug|Any CPU
		{0DC891A5-1A14-473A-9311-5EB5252D6099}.Debug|Any CPU.Build.0 = Debug|Any CPU
		{0DC891A5-1A14-473A-9311-5EB5252D6099}.Release|Any CPU.ActiveCfg = Release|Any CPU
		{0DC891A5-1A14-473A-9311-5EB5252D6099}.Release|Any CPU.Build.0 = Release|Any CPU
		{52CA2930-9969-4881-9AA4-A7B5DC4524BD}.Debug|Any CPU.ActiveCfg = Debug|Any CPU
		{52CA2930-9969-4881-9AA4-A7B5DC4524BD}.Debug|Any CPU.Build.0 = Debug|Any CPU
		{52CA2930-9969-4881-9AA4-A7B5DC4524BD}.Release|Any CPU.ActiveCfg = Release|Any CPU
		{52CA2930-9969-4881-9AA4-A7B5DC4524BD}.Release|Any CPU.Build.0 = Release|Any CPU
		{03A38B13-42AC-4A9C-806D-E1ACE22AAB0D}.Debug|Any CPU.ActiveCfg = Debug|Any CPU
		{03A38B13-42AC-4A9C-806D-E1ACE22AAB0D}.Debug|Any CPU.Build.0 = Debug|Any CPU
		{03A38B13-42AC-4A9C-806D-E1ACE22AAB0D}.Release|Any CPU.ActiveCfg = Release|Any CPU
		{03A38B13-42AC-4A9C-806D-E1ACE22AAB0D}.Release|Any CPU.Build.0 = Release|Any CPU
		{4246CA0C-76CB-42A6-8AC6-B78FB733019F}.Debug|Any CPU.ActiveCfg = Debug|Any CPU
		{4246CA0C-76CB-42A6-8AC6-B78FB733019F}.Debug|Any CPU.Build.0 = Debug|Any CPU
		{4246CA0C-76CB-42A6-8AC6-B78FB733019F}.Release|Any CPU.ActiveCfg = Release|Any CPU
		{4246CA0C-76CB-42A6-8AC6-B78FB733019F}.Release|Any CPU.Build.0 = Release|Any CPU
		{55EDFDCD-EF7A-4762-9E49-020B3B8280C6}.Debug|Any CPU.ActiveCfg = Debug|Any CPU
		{55EDFDCD-EF7A-4762-9E49-020B3B8280C6}.Debug|Any CPU.Build.0 = Debug|Any CPU
		{55EDFDCD-EF7A-4762-9E49-020B3B8280C6}.Release|Any CPU.ActiveCfg = Release|Any CPU
		{55EDFDCD-EF7A-4762-9E49-020B3B8280C6}.Release|Any CPU.Build.0 = Release|Any CPU
		{AE8B1154-9259-4325-AADC-AD33362AF64D}.Debug|Any CPU.ActiveCfg = Debug|Any CPU
		{AE8B1154-9259-4325-AADC-AD33362AF64D}.Debug|Any CPU.Build.0 = Debug|Any CPU
		{AE8B1154-9259-4325-AADC-AD33362AF64D}.Release|Any CPU.ActiveCfg = Release|Any CPU
		{AE8B1154-9259-4325-AADC-AD33362AF64D}.Release|Any CPU.Build.0 = Release|Any CPU
		{241A7B75-18B4-40C9-9F8B-11F0941CC896}.Debug|Any CPU.ActiveCfg = Debug|Any CPU
		{241A7B75-18B4-40C9-9F8B-11F0941CC896}.Debug|Any CPU.Build.0 = Debug|Any CPU
		{241A7B75-18B4-40C9-9F8B-11F0941CC896}.Release|Any CPU.ActiveCfg = Release|Any CPU
		{241A7B75-18B4-40C9-9F8B-11F0941CC896}.Release|Any CPU.Build.0 = Release|Any CPU
		{00BBB3A5-33D9-4708-9492-8B1C0386E396}.Debug|Any CPU.ActiveCfg = Debug|Any CPU
		{00BBB3A5-33D9-4708-9492-8B1C0386E396}.Debug|Any CPU.Build.0 = Debug|Any CPU
		{00BBB3A5-33D9-4708-9492-8B1C0386E396}.Release|Any CPU.ActiveCfg = Release|Any CPU
		{00BBB3A5-33D9-4708-9492-8B1C0386E396}.Release|Any CPU.Build.0 = Release|Any CPU
		{A19F667F-17A0-47CB-98B5-30684945B51F}.Debug|Any CPU.ActiveCfg = Debug|Any CPU
		{A19F667F-17A0-47CB-98B5-30684945B51F}.Debug|Any CPU.Build.0 = Debug|Any CPU
		{A19F667F-17A0-47CB-98B5-30684945B51F}.Release|Any CPU.ActiveCfg = Release|Any CPU
		{A19F667F-17A0-47CB-98B5-30684945B51F}.Release|Any CPU.Build.0 = Release|Any CPU
		{EF987F20-C50A-4C20-A02F-033C5DE82E2D}.Debug|Any CPU.ActiveCfg = Debug|Any CPU
		{EF987F20-C50A-4C20-A02F-033C5DE82E2D}.Debug|Any CPU.Build.0 = Debug|Any CPU
		{EF987F20-C50A-4C20-A02F-033C5DE82E2D}.Release|Any CPU.ActiveCfg = Release|Any CPU
		{EF987F20-C50A-4C20-A02F-033C5DE82E2D}.Release|Any CPU.Build.0 = Release|Any CPU
		{68F86584-3CB1-4F58-AEBB-3AA5435F2706}.Debug|Any CPU.ActiveCfg = Debug|Any CPU
		{68F86584-3CB1-4F58-AEBB-3AA5435F2706}.Debug|Any CPU.Build.0 = Debug|Any CPU
		{68F86584-3CB1-4F58-AEBB-3AA5435F2706}.Release|Any CPU.ActiveCfg = Release|Any CPU
		{68F86584-3CB1-4F58-AEBB-3AA5435F2706}.Release|Any CPU.Build.0 = Release|Any CPU
		{0B9CEE31-8BC2-4DFE-8E07-BF8412EFAEB1}.Debug|Any CPU.ActiveCfg = Debug|Any CPU
		{0B9CEE31-8BC2-4DFE-8E07-BF8412EFAEB1}.Debug|Any CPU.Build.0 = Debug|Any CPU
		{0B9CEE31-8BC2-4DFE-8E07-BF8412EFAEB1}.Release|Any CPU.ActiveCfg = Release|Any CPU
		{0B9CEE31-8BC2-4DFE-8E07-BF8412EFAEB1}.Release|Any CPU.Build.0 = Release|Any CPU
	EndGlobalSection
	GlobalSection(SolutionProperties) = preSolution
		HideSolutionNode = FALSE
	EndGlobalSection
	GlobalSection(NestedProjects) = preSolution
		{5EEE545E-C448-4B07-9A3D-355DEDE2743D} = {C6E4FAFE-8C42-45B5-A2F4-C7DCB51EE3FC}
		{053F936A-FA9F-496B-B579-4E51292295F5} = {C6E4FAFE-8C42-45B5-A2F4-C7DCB51EE3FC}
		{6D661287-7317-43F0-815A-9DE37E6CB847} = {C6E4FAFE-8C42-45B5-A2F4-C7DCB51EE3FC}
		{FCDBB667-D5EE-4D8B-813D-0A537ECE2404} = {053F936A-FA9F-496B-B579-4E51292295F5}
		{0DC891A5-1A14-473A-9311-5EB5252D6099} = {5EEE545E-C448-4B07-9A3D-355DEDE2743D}
		{52CA2930-9969-4881-9AA4-A7B5DC4524BD} = {6D661287-7317-43F0-815A-9DE37E6CB847}
		{03A38B13-42AC-4A9C-806D-E1ACE22AAB0D} = {6D661287-7317-43F0-815A-9DE37E6CB847}
		{4246CA0C-76CB-42A6-8AC6-B78FB733019F} = {6D661287-7317-43F0-815A-9DE37E6CB847}
		{55EDFDCD-EF7A-4762-9E49-020B3B8280C6} = {6D661287-7317-43F0-815A-9DE37E6CB847}
		{AE8B1154-9259-4325-AADC-AD33362AF64D} = {5EEE545E-C448-4B07-9A3D-355DEDE2743D}
		{241A7B75-18B4-40C9-9F8B-11F0941CC896} = {5EEE545E-C448-4B07-9A3D-355DEDE2743D}
		{00BBB3A5-33D9-4708-9492-8B1C0386E396} = {5EEE545E-C448-4B07-9A3D-355DEDE2743D}
		{A19F667F-17A0-47CB-98B5-30684945B51F} = {C6E4FAFE-8C42-45B5-A2F4-C7DCB51EE3FC}
		{EF987F20-C50A-4C20-A02F-033C5DE82E2D} = {053F936A-FA9F-496B-B579-4E51292295F5}
		{68F86584-3CB1-4F58-AEBB-3AA5435F2706} = {053F936A-FA9F-496B-B579-4E51292295F5}
		{0B9CEE31-8BC2-4DFE-8E07-BF8412EFAEB1} = {053F936A-FA9F-496B-B579-4E51292295F5}
	EndGlobalSection
	GlobalSection(ExtensibilityGlobals) = postSolution
		SolutionGuid = {952460A6-E46B-4309-B3F2-9A6A3A8569C4}
	EndGlobalSection
EndGlobal
